{
  "name": "node_3",
  "version": "1.0.0",
  "lockfileVersion": 3,
  "requires": true,
  "packages": {
    "": {
      "name": "node_3",
      "version": "1.0.0",
      "license": "ISC",
      "dependencies": {
        "quadratic_node": "^1.0.0"
      }
    },
    "node_modules/quadratic_node": {
      "version": "1.0.0",
      "resolved": "https://registry.npmjs.org/quadratic_node/-/quadratic_node-1.0.0.tgz",
      "integrity": "sha512-Y081G7ZLy34FXEoKb3CR2bz/v6+LSjx2cLGn0advo8X0qwjKXpOFx6p+c6YlSR2BxNKuAT16NP7KbMVZaJ+VQg=="
    }
  }
}
